Microsoft Visual Studio Solution File, Format Version 12.00
# Visual Studio Version 17
VisualStudioVersion = 17.0.31903.59
MinimumVisualStudioVersion = 10.0.40219.1
Project("{2150E333-8FDC-42A3-9474-1A3956D46DE8}") = "src", "src", "{827E0CD3-B72D-47B6-A68D-7590B98EB39B}"
EndProject
Project("{FAE04EC0-301F-11D3-BF4B-00C04F79EFBC}") = "DevForge.Desktop", "src\DevForge.Desktop\DevForge.Desktop.csproj", "{FDF4A21C-C6B1-4EED-B2F4-5242BD66A939}"
EndProject
Project("{FAE04EC0-301F-11D3-BF4B-00C04F79EFBC}") = "DevForge.Application", "src\DevForge.Application\DevForge.Application.csproj", "{18AFEA1C-8D72-491C-96F0-4261BDA7DF3D}"
EndProject
Project("{FAE04EC0-301F-11D3-BF4B-00C04F79EFBC}") = "DevForge.Domain", "src\DevForge.Domain\DevForge.Domain.csproj", "{8FB0BCE3-8BAD-4FA3-87C7-952653CC8D5E}"
EndProject
Project("{FAE04EC0-301F-11D3-BF4B-00C04F79EFBC}") = "DevForge.Blueprints.Abstractions", "src\DevForge.Blueprints.Abstractions\DevForge.Blueprints.Abstractions.csproj", "{534423B4-F021-49BF-96AB-A3A92FEE0180}"
EndProject
Project("{FAE04EC0-301F-11D3-BF4B-00C04F79EFBC}") = "DevForge.Infrastructure", "src\DevForge.Infrastructure\DevForge.Infrastructure.csproj", "{85221C19-5E2C-43A5-9E38-59776BEF4C72}"
EndProject
Project("{FAE04EC0-301F-11D3-BF4B-00C04F79EFBC}") = "DevForge.Blueprints.BuiltIn", "src\DevForge.Blueprints.BuiltIn\DevForge.Blueprints.BuiltIn.csproj", "{21DB4E49-FF12-4CFA-8BC9-0177A1EA6FCF}"
EndProject
Project("{FAE04EC0-301F-11D3-BF4B-00C04F79EFBC}") = "DevForge.Cli", "src\DevForge.Cli\DevForge.Cli.csproj", "{08D39DA1-1665-45F7-BF3D-00DF6A79FE25}"
EndProject
Project("{2150E333-8FDC-42A3-9474-1A3956D46DE8}") = "tests", "tests", "{0AB3BF05-4346-4AA6-1389-037BE0695223}"
EndProject
Project("{FAE04EC0-301F-11D3-BF4B-00C04F79EFBC}") = "DevForge.UnitTests", "tests\DevForge.UnitTests\DevForge.UnitTests.csproj", "{0ABF7966-4F63-473B-A050-C66F5DBA44CF}"
EndProject
Project("{FAE04EC0-301F-11D3-BF4B-00C04F79EFBC}") = "DevForge.IntegrationTests", "tests\DevForge.IntegrationTests\DevForge.IntegrationTests.csproj", "{EEDF14CE-1F70-46DD-A42D-9867C92A7C64}"
EndProject
Project("{FAE04EC0-301F-11D3-BF4B-00C04F79EFBC}") = "DevForge.BlueprintTests", "tests\DevForge.BlueprintTests\DevForge.BlueprintTests.csproj", "{DC7D2A82-7A7C-4FD5-90AC-8ED25375FE84}"
EndProject
Project("{FAE04EC0-301F-11D3-BF4B-00C04F79EFBC}") = "DevForge.E2ETests", "tests\DevForge.E2ETests\DevForge.E2ETests.csproj", "{C4CF44F6-7F81-4573-82B7-5615F12A6511}"
EndProject
Global
	GlobalSection(SolutionConfigurationPlatforms) = preSolution
		Debug|Any CPU = Debug|Any CPU
		Debug|x64 = Debug|x64
		Debug|x86 = Debug|x86
		Release|Any CPU = Release|Any CPU
		Release|x64 = Release|x64
		Release|x86 = Release|x86
	EndGlobalSection
	GlobalSection(ProjectConfigurationPlatforms) = postSolution
		{FDF4A21C-C6B1-4EED-B2F4-5242BD66A939}.Debug|Any CPU.ActiveCfg = Debug|Any CPU
		{FDF4A21C-C6B1-4EED-B2F4-5242BD66A939}.Debug|Any CPU.Build.0 = Debug|Any CPU
		{FDF4A21C-C6B1-4EED-B2F4-5242BD66A939}.Debug|x64.ActiveCfg = Debug|Any CPU
		{FDF4A21C-C6B1-4EED-B2F4-5242BD66A939}.Debug|x64.Build.0 = Debug|Any CPU
		{FDF4A21C-C6B1-4EED-B2F4-5242BD66A939}.Debug|x86.ActiveCfg = Debug|Any CPU
		{FDF4A21C-C6B1-4EED-B2F4-5242BD66A939}.Debug|x86.Build.0 = Debug|Any CPU
		{FDF4A21C-C6B1-4EED-B2F4-5242BD66A939}.Release|Any CPU.ActiveCfg = Release|Any CPU
		{FDF4A21C-C6B1-4EED-B2F4-5242BD66A939}.Release|Any CPU.Build.0 = Release|Any CPU
		{FDF4A21C-C6B1-4EED-B2F4-5242BD66A939}.Release|x64.ActiveCfg = Release|Any CPU
		{FDF4A21C-C6B1-4EED-B2F4-5242BD66A939}.Release|x64.Build.0 = Release|Any CPU
		{FDF4A21C-C6B1-4EED-B2F4-5242BD66A939}.Release|x86.ActiveCfg = Release|Any CPU
		{FDF4A21C-C6B1-4EED-B2F4-5242BD66A939}.Release|x86.Build.0 = Release|Any CPU
		{18AFEA1C-8D72-491C-96F0-4261BDA7DF3D}.Debug|Any CPU.ActiveCfg = Debug|Any CPU
		{18AFEA1C-8D72-491C-96F0-4261BDA7DF3D}.Debug|Any CPU.Build.0 = Debug|Any CPU
		{18AFEA1C-8D72-491C-96F0-4261BDA7DF3D}.Debug|x64.ActiveCfg = Debug|Any CPU
		{18AFEA1C-8D72-491C-96F0-4261BDA7DF3D}.Debug|x64.Build.0 = Debug|Any CPU
		{18AFEA1C-8D72-491C-96F0-4261BDA7DF3D}.Debug|x86.ActiveCfg = Debug|Any CPU
		{18AFEA1C-8D72-491C-96F0-4261BDA7DF3D}.Debug|x86.Build.0 = Debug|Any CPU
		{18AFEA1C-8D72-491C-96F0-4261BDA7DF3D}.Release|Any CPU.ActiveCfg = Release|Any CPU
		{18AFEA1C-8D72-491C-96F0-4261BDA7DF3D}.Release|Any CPU.Build.0 = Release|Any CPU
		{18AFEA1C-8D72-491C-96F0-4261BDA7DF3D}.Release|x64.ActiveCfg = Release|Any CPU
		{18AFEA1C-8D72-491C-96F0-4261BDA7DF3D}.Release|x64.Build.0 = Release|Any CPU
		{18AFEA1C-8D72-491C-96F0-4261BDA7DF3D}.Release|x86.ActiveCfg = Release|Any CPU
		{18AFEA1C-8D72-491C-96F0-4261BDA7DF3D}.Release|x86.Build.0 = Release|Any CPU
		{8FB0BCE3-8BAD-4FA3-87C7-952653CC8D5E}.Debug|Any CPU.ActiveCfg = Debug|Any CPU
		{8FB0BCE3-8BAD-4FA3-87C7-952653CC8D5E}.Debug|Any CPU.Build.0 = Debug|Any CPU
		{8FB0BCE3-8BAD-4FA3-87C7-952653CC8D5E}.Debug|x64.ActiveCfg = Debug|Any CPU
		{8FB0BCE3-8BAD-4FA3-87C7-952653CC8D5E}.Debug|x64.Build.0 = Debug|Any CPU
		{8FB0BCE3-8BAD-4FA3-87C7-952653CC8D5E}.Debug|x86.ActiveCfg = Debug|Any CPU
		{8FB0BCE3-8BAD-4FA3-87C7-952653CC8D5E}.Debug|x86.Build.0 = Debug|Any CPU
		{8FB0BCE3-8BAD-4FA3-87C7-952653CC8D5E}.Release|Any CPU.ActiveCfg = Release|Any CPU
		{8FB0BCE3-8BAD-4FA3-87C7-952653CC8D5E}.Release|Any CPU.Build.0 = Release|Any CPU
		{8FB0BCE3-8BAD-4FA3-87C7-952653CC8D5E}.Release|x64.ActiveCfg = Release|Any CPU
		{8FB0BCE3-8BAD-4FA3-87C7-952653CC8D5E}.Release|x64.Build.0 = Release|Any CPU
		{8FB0BCE3-8BAD-4FA3-87C7-952653CC8D5E}.Release|x86.ActiveCfg = Release|Any CPU
		{8FB0BCE3-8BAD-4FA3-87C7-952653CC8D5E}.Release|x86.Build.0 = Release|Any CPU
		{534423B4-F021-49BF-96AB-A3A92FEE0180}.Debug|Any CPU.ActiveCfg = Debug|Any CPU
		{534423B4-F021-49BF-96AB-A3A92FEE0180}.Debug|Any CPU.Build.0 = Debug|Any CPU
		{534423B4-F021-49BF-96AB-A3A92FEE0180}.Debug|x64.ActiveCfg = Debug|Any CPU
		{534423B4-F021-49BF-96AB-A3A92FEE0180}.Debug|x64.Build.0 = Debug|Any CPU
		{534423B4-F021-49BF-96AB-A3A92FEE0180}.Debug|x86.ActiveCfg = Debug|Any CPU
		{534423B4-F021-49BF-96AB-A3A92FEE0180}.Debug|x86.Build.0 = Debug|Any CPU
		{534423B4-F021-49BF-96AB-A3A92FEE0180}.Release|Any CPU.ActiveCfg = Release|Any CPU
		{534423B4-F021-49BF-96AB-A3A92FEE0180}.Release|Any CPU.Build.0 = Release|Any CPU
		{534423B4-F021-49BF-96AB-A3A92FEE0180}.Release|x64.ActiveCfg = Release|Any CPU
		{534423B4-F021-49BF-96AB-A3A92FEE0180}.Release|x64.Build.0 = Release|Any CPU
		{534423B4-F021-49BF-96AB-A3A92FEE0180}.Release|x86.ActiveCfg = Release|Any CPU
		{534423B4-F021-49BF-96AB-A3A92FEE0180}.Release|x86.Build.0 = Release|Any CPU
		{85221C19-5E2C-43A5-9E38-59776BEF4C72}.Debug|Any CPU.ActiveCfg = Debug|Any CPU
		{85221C19-5E2C-43A5-9E38-59776BEF4C72}.Debug|Any CPU.Build.0 = Debug|Any CPU
		{85221C19-5E2C-43A5-9E38-59776BEF4C72}.Debug|x64.ActiveCfg = Debug|Any CPU
		{85221C19-5E2C-43A5-9E38-59776BEF4C72}.Debug|x64.Build.0 = Debug|Any CPU
		{85221C19-5E2C-43A5-9E38-59776BEF4C72}.Debug|x86.ActiveCfg = Debug|Any CPU
		{85221C19-5E2C-43A5-9E38-59776BEF4C72}.Debug|x86.Build.0 = Debug|Any CPU
		{85221C19-5E2C-43A5-9E38-59776BEF4C72}.Release|Any CPU.ActiveCfg = Release|Any CPU
		{85221C19-5E2C-43A5-9E38-59776BEF4C72}.Release|Any CPU.Build.0 = Release|Any CPU
		{85221C19-5E2C-43A5-9E38-59776BEF4C72}.Release|x64.ActiveCfg = Release|Any CPU
		{85221C19-5E2C-43A5-9E38-59776BEF4C72}.Release|x64.Build.0 = Release|Any CPU
		{85221C19-5E2C-43A5-9E38-59776BEF4C72}.Release|x86.ActiveCfg = Release|Any CPU
		{85221C19-5E2C-43A5-9E38-59776BEF4C72}.Release|x86.Build.0 = Release|Any CPU
		{21DB4E49-FF12-4CFA-8BC9-0177A1EA6FCF}.Debug|Any CPU.ActiveCfg = Debug|Any CPU
		{21DB4E49-FF12-4CFA-8BC9-0177A1EA6FCF}.Debug|Any CPU.Build.0 = Debug|Any CPU
		{21DB4E49-FF12-4CFA-8BC9-0177A1EA6FCF}.Debug|x64.ActiveCfg = Debug|Any CPU
		{21DB4E49-FF12-4CFA-8BC9-0177A1EA6FCF}.Debug|x64.Build.0 = Debug|Any CPU
		{21DB4E49-FF12-4CFA-8BC9-0177A1EA6FCF}.Debug|x86.ActiveCfg = Debug|Any CPU
		{21DB4E49-FF12-4CFA-8BC9-0177A1EA6FCF}.Debug|x86.Build.0 = Debug|Any CPU
		{21DB4E49-FF12-4CFA-8BC9-0177A1EA6FCF}.Release|Any CPU.ActiveCfg = Release|Any CPU
		{21DB4E49-FF12-4CFA-8BC9-0177A1EA6FCF}.Release|Any CPU.Build.0 = Release|Any CPU
		{21DB4E49-FF12-4CFA-8BC9-0177A1EA6FCF}.Release|x64.ActiveCfg = Release|Any CPU
		{21DB4E49-FF12-4CFA-8BC9-0177A1EA6FCF}.Release|x64.Build.0 = Release|Any CPU
		{21DB4E49-FF12-4CFA-8BC9-0177A1EA6FCF}.Release|x86.ActiveCfg = Release|Any CPU
		{21DB4E49-FF12-4CFA-8BC9-0177A1EA6FCF}.Release|x86.Build.0 = Release|Any CPU
		{08D39DA1-1665-45F7-BF3D-00DF6A79FE25}.Debug|Any CPU.ActiveCfg = Debug|Any CPU
		{08D39DA1-1665-45F7-BF3D-00DF6A79FE25}.Debug|Any CPU.Build.0 = Debug|Any CPU
		{08D39DA1-1665-45F7-BF3D-00DF6A79FE25}.Debug|x64.ActiveCfg = Debug|Any CPU
		{08D39DA1-1665-45F7-BF3D-00DF6A79FE25}.Debug|x64.Build.0 = Debug|Any CPU
		{08D39DA1-1665-45F7-BF3D-00DF6A79FE25}.Debug|x86.ActiveCfg = Debug|Any CPU
		{08D39DA1-1665-45F7-BF3D-00DF6A79FE25}.Debug|x86.Build.0 = Debug|Any CPU
		{08D39DA1-1665-45F7-BF3D-00DF6A79FE25}.Release|Any CPU.ActiveCfg = Release|Any CPU
		{08D39DA1-1665-45F7-BF3D-00DF6A79FE25}.Release|Any CPU.Build.0 = Release|Any CPU
		{08D39DA1-1665-45F7-BF3D-00DF6A79FE25}.Release|x64.ActiveCfg = Release|Any CPU
		{08D39DA1-1665-45F7-BF3D-00DF6A79FE25}.Release|x64.Build.0 = Release|Any CPU
		{08D39DA1-1665-45F7-BF3D-00DF6A79FE25}.Release|x86.ActiveCfg = Release|Any CPU
		{08D39DA1-1665-45F7-BF3D-00DF6A79FE25}.Release|x86.Build.0 = Release|Any CPU
		{0ABF7966-4F63-473B-A050-C66F5DBA44CF}.Debug|Any CPU.ActiveCfg = Debug|Any CPU
		{0ABF7966-4F63-473B-A050-C66F5DBA44CF}.Debug|Any CPU.Build.0 = Debug|Any CPU
		{0ABF7966-4F63-473B-A050-C66F5DBA44CF}.Debug|x64.ActiveCfg = Debug|Any CPU
		{0ABF7966-4F63-473B-A050-C66F5DBA44CF}.Debug|x64.Build.0 = Debug|Any CPU
		{0ABF7966-4F63-473B-A050-C66F5DBA44CF}.Debug|x86.ActiveCfg = Debug|Any CPU
		{0ABF7966-4F63-473B-A050-C66F5DBA44CF}.Debug|x86.Build.0 = Debug|Any CPU
		{0ABF7966-4F63-473B-A050-C66F5DBA44CF}.Release|Any CPU.ActiveCfg = Release|Any CPU
		{0ABF7966-4F63-473B-A050-C66F5DBA44CF}.Release|Any CPU.Build.0 = Release|Any CPU
		{0ABF7966-4F63-473B-A050-C66F5DBA44CF}.Release|x64.ActiveCfg = Release|Any CPU
		{0ABF7966-4F63-473B-A050-C66F5DBA44CF}.Release|x64.Build.0 = Release|Any CPU
		{0ABF7966-4F63-473B-A050-C66F5DBA44CF}.Release|x86.ActiveCfg = Release|Any CPU
		{0ABF7966-4F63-473B-A050-C66F5DBA44CF}.Release|x86.Build.0 = Release|Any CPU
		{EEDF14CE-1F70-46DD-A42D-9867C92A7C64}.Debug|Any CPU.ActiveCfg = Debug|Any CPU
		{EEDF14CE-1F70-46DD-A42D-9867C92A7C64}.Debug|Any CPU.Build.0 = Debug|Any CPU
		{EEDF14CE-1F70-46DD-A42D-9867C92A7C64}.Debug|x64.ActiveCfg = Debug|Any CPU
		{EEDF14CE-1F70-46DD-A42D-9867C92A7C64}.Debug|x64.Build.0 = Debug|Any CPU
		{EEDF14CE-1F70-46DD-A42D-9867C92A7C64}.Debug|x86.ActiveCfg = Debug|Any CPU
		{EEDF14CE-1F70-46DD-A42D-9867C92A7C64}.Debug|x86.Build.0 = Debug|Any CPU
		{EEDF14CE-1F70-46DD-A42D-9867C92A7C64}.Release|Any CPU.ActiveCfg = Release|Any CPU
		{EEDF14CE-1F70-46DD-A42D-9867C92A7C64}.Release|Any CPU.Build.0 = Release|Any CPU
		{EEDF14CE-1F70-46DD-A42D-9867C92A7C64}.Release|x64.ActiveCfg = Release|Any CPU
		{EEDF14CE-1F70-46DD-A42D-9867C92A7C64}.Release|x64.Build.0 = Release|Any CPU
		{EEDF14CE-1F70-46DD-A42D-9867C92A7C64}.Release|x86.ActiveCfg = Release|Any CPU
		{EEDF14CE-1F70-46DD-A42D-9867C92A7C64}.Release|x86.Build.0 = Release|Any CPU
		{DC7D2A82-7A7C-4FD5-90AC-8ED25375FE84}.Debug|Any CPU.ActiveCfg = Debug|Any CPU
		{DC7D2A82-7A7C-4FD5-90AC-8ED25375FE84}.Debug|Any CPU.Build.0 = Debug|Any CPU
		{DC7D2A82-7A7C-4FD5-90AC-8ED25375FE84}.Debug|x64.ActiveCfg = Debug|Any CPU
		{DC7D2A82-7A7C-4FD5-90AC-8ED25375FE84}.Debug|x64.Build.0 = Debug|Any CPU
		{DC7D2A82-7A7C-4FD5-90AC-8ED25375FE84}.Debug|x86.ActiveCfg = Debug|Any CPU
		{DC7D2A82-7A7C-4FD5-90AC-8ED25375FE84}.Debug|x86.Build.0 = Debug|Any CPU
		{DC7D2A82-7A7C-4FD5-90AC-8ED25375FE84}.Release|Any CPU.ActiveCfg = Release|Any CPU
		{DC7D2A82-7A7C-4FD5-90AC-8ED25375FE84}.Release|Any CPU.Build.0 = Release|Any CPU
		{DC7D2A82-7A7C-4FD5-90AC-8ED25375FE84}.Release|x64.ActiveCfg = Release|Any CPU
		{DC7D2A82-7A7C-4FD5-90AC-8ED25375FE84}.Release|x64.Build.0 = Release|Any CPU
		{DC7D2A82-7A7C-4FD5-90AC-8ED25375FE84}.Release|x86.ActiveCfg = Release|Any CPU
		{DC7D2A82-7A7C-4FD5-90AC-8ED25375FE84}.Release|x86.Build.0 = Release|Any CPU
		{C4CF44F6-7F81-4573-82B7-5615F12A6511}.Debug|Any CPU.ActiveCfg = Debug|Any CPU
		{C4CF44F6-7F81-4573-82B7-5615F12A6511}.Debug|Any CPU.Build.0 = Debug|Any CPU
		{C4CF44F6-7F81-4573-82B7-5615F12A6511}.Debug|x64.ActiveCfg = Debug|Any CPU
		{C4CF44F6-7F81-4573-82B7-5615F12A6511}.Debug|x64.Build.0 = Debug|Any CPU
		{C4CF44F6-7F81-4573-82B7-5615F12A6511}.Debug|x86.ActiveCfg = Debug|Any CPU
		{C4CF44F6-7F81-4573-82B7-5615F12A6511}.Debug|x86.Build.0 = Debug|Any CPU
		{C4CF44F6-7F81-4573-82B7-5615F12A6511}.Release|Any CPU.ActiveCfg = Release|Any CPU
		{C4CF44F6-7F81-4573-82B7-5615F12A6511}.Release|Any CPU.Build.0 = Release|Any CPU
		{C4CF44F6-7F81-4573-82B7-5615F12A6511}.Release|x64.ActiveCfg = Release|Any CPU
		{C4CF44F6-7F81-4573-82B7-5615F12A6511}.Release|x64.Build.0 = Release|Any CPU
		{C4CF44F6-7F81-4573-82B7-5615F12A6511}.Release|x86.ActiveCfg = Release|Any CPU
		{C4CF44F6-7F81-4573-82B7-5615F12A6511}.Release|x86.Build.0 = Release|Any CPU
	EndGlobalSection
	GlobalSection(SolutionProperties) = preSolution
		HideSolutionNode = FALSE
	EndGlobalSection
	GlobalSection(NestedProjects) = preSolution
		{FDF4A21C-C6B1-4EED-B2F4-5242BD66A939} = {827E0CD3-B72D-47B6-A68D-7590B98EB39B}
		{18AFEA1C-8D72-491C-96F0-4261BDA7DF3D} = {827E0CD3-B72D-47B6-A68D-7590B98EB39B}
		{8FB0BCE3-8BAD-4FA3-87C7-952653CC8D5E} = {827E0CD3-B72D-47B6-A68D-7590B98EB39B}
		{534423B4-F021-49BF-96AB-A3A92FEE0180} = {827E0CD3-B72D-47B6-A68D-7590B98EB39B}
		{85221C19-5E2C-43A5-9E38-59776BEF4C72} = {827E0CD3-B72D-47B6-A68D-7590B98EB39B}
		{21DB4E49-FF12-4CFA-8BC9-0177A1EA6FCF} = {827E0CD3-B72D-47B6-A68D-7590B98EB39B}
		{08D39DA1-1665-45F7-BF3D-00DF6A79FE25} = {827E0CD3-B72D-47B6-A68D-7590B98EB39B}
		{0ABF7966-4F63-473B-A050-C66F5DBA44CF} = {0AB3BF05-4346-4AA6-1389-037BE0695223}
		{EEDF14CE-1F70-46DD-A42D-9867C92A7C64} = {0AB3BF05-4346-4AA6-1389-037BE0695223}
		{DC7D2A82-7A7C-4FD5-90AC-8ED25375FE84} = {0AB3BF05-4346-4AA6-1389-037BE0695223}
		{C4CF44F6-7F81-4573-82B7-5615F12A6511} = {0AB3BF05-4346-4AA6-1389-037BE0695223}
	EndGlobalSection
EndGlobal
